
Microsoft Visual Studio Solution File, Format Version 12.00
# Visual Studio Version 17
VisualStudioVersion = 17.8.34309.116
MinimumVisualStudioVersion = 10.0.40219.1
Project("{FAE04EC0-301F-11D3-BF4B-00C04F79EFBC}") = "PokemonReviewApp", "PokemonReviewApp\PokemonReviewApp.csproj", "{0D525AC0-CA38-4408-A699-67AC4D2B227C}"
EndProject
Global
	GlobalSection(SolutionConfigurationPlatforms) = preSolution
		Debug|Any CPU = Debug|Any CPU
		Release|Any CPU = Release|Any CPU
	EndGlobalSection
	GlobalSection(ProjectConfigurationPlatforms) = postSolution
		{0D525AC0-CA38-4408-A699-67AC4D2B227C}.Debug|Any CPU.ActiveCfg = Debug|Any CPU
		{0D525AC0-CA38-4408-A699-67AC4D2B227C}.Debug|Any CPU.Build.0 = Debug|Any CPU
		{0D525AC0-CA38-4408-A699-67AC4D2B227C}.Release|Any CPU.ActiveCfg = Release|Any CPU
		{0D525AC0-CA38-4408-A699-67AC4D2B227C}.Release|Any CPU.Build.0 = Release|Any CPU
	EndGlobalSection
	GlobalSection(SolutionProperties) = preSolution
		HideSolutionNode = FALSE
	EndGlobalSection
	GlobalSection(ExtensibilityGlobals) = postSolution
		SolutionGuid = {506CD82E-D69B-485D-BB68-62F920D89C17}
	EndGlobalSection
EndGlobal
